
Microsoft Visual Studio Solution File, Format Version 12.00
# Visual Studio 15
VisualStudioVersion = 15.0.26124.0
MinimumVisualStudioVersion = 15.0.26124.0
Project("{F2A71F9B-5D33-465A-A702-920D77279786}") = "utils", "utils\utils.fsproj", "{D4D4862A-FF2C-4BF7-99B2-470294633272}"
EndProject
Project("{F2A71F9B-5D33-465A-A702-920D77279786}") = "solver", "solver\solver.fsproj", "{BFB170BF-2E58-465D-89DC-DF2CA443FC2A}"
EndProject
Global
	GlobalSection(SolutionConfigurationPlatforms) = preSolution
		Debug|Any CPU = Debug|Any CPU
		Debug|x64 = Debug|x64
		Debug|x86 = Debug|x86
		Release|Any CPU = Release|Any CPU
		Release|x64 = Release|x64
		Release|x86 = Release|x86
	EndGlobalSection
	GlobalSection(SolutionProperties) = preSolution
		HideSolutionNode = FALSE
	EndGlobalSection
	GlobalSection(ProjectConfigurationPlatforms) = postSolution
		{D4D4862A-FF2C-4BF7-99B2-470294633272}.Debug|Any CPU.ActiveCfg = Debug|Any CPU
		{D4D4862A-FF2C-4BF7-99B2-470294633272}.Debug|Any CPU.Build.0 = Debug|Any CPU
		{D4D4862A-FF2C-4BF7-99B2-470294633272}.Debug|x64.ActiveCfg = Debug|x64
		{D4D4862A-FF2C-4BF7-99B2-470294633272}.Debug|x64.Build.0 = Debug|x64
		{D4D4862A-FF2C-4BF7-99B2-470294633272}.Debug|x86.ActiveCfg = Debug|x86
		{D4D4862A-FF2C-4BF7-99B2-470294633272}.Debug|x86.Build.0 = Debug|x86
		{D4D4862A-FF2C-4BF7-99B2-470294633272}.Release|Any CPU.ActiveCfg = Release|Any CPU
		{D4D4862A-FF2C-4BF7-99B2-470294633272}.Release|Any CPU.Build.0 = Release|Any CPU
		{D4D4862A-FF2C-4BF7-99B2-470294633272}.Release|x64.ActiveCfg = Release|x64
		{D4D4862A-FF2C-4BF7-99B2-470294633272}.Release|x64.Build.0 = Release|x64
		{D4D4862A-FF2C-4BF7-99B2-470294633272}.Release|x86.ActiveCfg = Release|x86
		{D4D4862A-FF2C-4BF7-99B2-470294633272}.Release|x86.Build.0 = Release|x86
		{BFB170BF-2E58-465D-89DC-DF2CA443FC2A}.Debug|Any CPU.ActiveCfg = Debug|Any CPU
		{BFB170BF-2E58-465D-89DC-DF2CA443FC2A}.Debug|Any CPU.Build.0 = Debug|Any CPU
		{BFB170BF-2E58-465D-89DC-DF2CA443FC2A}.Debug|x64.ActiveCfg = Debug|x64
		{BFB170BF-2E58-465D-89DC-DF2CA443FC2A}.Debug|x64.Build.0 = Debug|x64
		{BFB170BF-2E58-465D-89DC-DF2CA443FC2A}.Debug|x86.ActiveCfg = Debug|x86
		{BFB170BF-2E58-465D-89DC-DF2CA443FC2A}.Debug|x86.Build.0 = Debug|x86
		{BFB170BF-2E58-465D-89DC-DF2CA443FC2A}.Release|Any CPU.ActiveCfg = Release|Any CPU
		{BFB170BF-2E58-465D-89DC-DF2CA443FC2A}.Release|Any CPU.Build.0 = Release|Any CPU
		{BFB170BF-2E58-465D-89DC-DF2CA443FC2A}.Release|x64.ActiveCfg = Release|x64
		{BFB170BF-2E58-465D-89DC-DF2CA443FC2A}.Release|x64.Build.0 = Release|x64
		{BFB170BF-2E58-465D-89DC-DF2CA443FC2A}.Release|x86.ActiveCfg = Release|x86
		{BFB170BF-2E58-465D-89DC-DF2CA443FC2A}.Release|x86.Build.0 = Release|x86
	EndGlobalSection
EndGlobal
