
Microsoft Visual Studio Solution File, Format Version 12.00
# Visual Studio 15
VisualStudioVersion = 15.0.26124.0
MinimumVisualStudioVersion = 15.0.26124.0
Project("{F2A71F9B-5D33-465A-A702-920D77279786}") = "utils", "utils\utils.fsproj", "{520013AB-C0B7-45D4-9A80-8DC6DAAFE3D0}"
EndProject
Project("{F2A71F9B-5D33-465A-A702-920D77279786}") = "1", "1\1.fsproj", "{F2CA56D5-2E76-4A57-BFA0-E61C58D387D5}"
EndProject
Project("{F2A71F9B-5D33-465A-A702-920D77279786}") = "10", "10\10.fsproj", "{41E63E12-287D-4626-896D-6547C50A326B}"
EndProject
Project("{F2A71F9B-5D33-465A-A702-920D77279786}") = "11", "11\11.fsproj", "{B5F5E5DD-120B-42D3-AB4C-B04C073B83FE}"
EndProject
Project("{F2A71F9B-5D33-465A-A702-920D77279786}") = "12", "12\12.fsproj", "{1082E104-ADEE-407A-A7AD-C49476448337}"
EndProject
Project("{F2A71F9B-5D33-465A-A702-920D77279786}") = "14", "14\14.fsproj", "{0B5CA5BD-73A0-4A11-B45C-AE798A1447CD}"
EndProject
Project("{F2A71F9B-5D33-465A-A702-920D77279786}") = "15", "15\15.fsproj", "{5034240A-FD9F-404C-AD6A-56698AB792E9}"
EndProject
Project("{F2A71F9B-5D33-465A-A702-920D77279786}") = "16", "16\16.fsproj", "{25FD9948-BB96-492F-A4FD-5F58AA4F121B}"
EndProject
Project("{F2A71F9B-5D33-465A-A702-920D77279786}") = "18", "18\18.fsproj", "{4E80BF8B-1650-419C-9F9F-FCFF824A32E3}"
EndProject
Project("{F2A71F9B-5D33-465A-A702-920D77279786}") = "19", "19\19.fsproj", "{F4C97492-A8D8-482B-8BB3-094015BFFE65}"
EndProject
Project("{F2A71F9B-5D33-465A-A702-920D77279786}") = "2", "2\2.fsproj", "{63952842-6727-4E32-986E-FA8A999FDF1A}"
EndProject
Project("{F2A71F9B-5D33-465A-A702-920D77279786}") = "20", "20\20.fsproj", "{2926579C-B3FE-4D48-81A8-5E4B2E6ECF05}"
EndProject
Project("{F2A71F9B-5D33-465A-A702-920D77279786}") = "21", "21\21.fsproj", "{199B7D2D-32A4-4E24-BD2D-0A0712805EEC}"
EndProject
Project("{F2A71F9B-5D33-465A-A702-920D77279786}") = "3", "3\3.fsproj", "{F30DCDA8-AA0D-428B-B83B-43C87773F5B3}"
EndProject
Project("{F2A71F9B-5D33-465A-A702-920D77279786}") = "4", "4\4.fsproj", "{758A6A8B-95E4-4B15-90CD-CF7C383FE2AE}"
EndProject
Project("{F2A71F9B-5D33-465A-A702-920D77279786}") = "5", "5\5.fsproj", "{F2C27A44-76DB-4341-B2EC-37049621DAD2}"
EndProject
Project("{F2A71F9B-5D33-465A-A702-920D77279786}") = "6", "6\6.fsproj", "{585945D9-512C-4C0A-AE98-619731F0401C}"
EndProject
Project("{F2A71F9B-5D33-465A-A702-920D77279786}") = "7", "7\7.fsproj", "{E0225DEF-6A12-4231-9F52-24D811B9D7DF}"
EndProject
Project("{F2A71F9B-5D33-465A-A702-920D77279786}") = "8", "8\8.fsproj", "{C98A8729-16A5-4A04-95AD-D7BA5ACE2A58}"
EndProject
Project("{F2A71F9B-5D33-465A-A702-920D77279786}") = "9", "9\9.fsproj", "{5B068310-684A-441F-B58A-940FE0F2BD6C}"
EndProject
Project("{F2A71F9B-5D33-465A-A702-920D77279786}") = "13", "13\13.fsproj", "{1C69DE2F-A8C2-4303-A4D8-3F034268145E}"
EndProject
Project("{F2A71F9B-5D33-465A-A702-920D77279786}") = "17", "17\17.fsproj", "{0006FD58-2883-453E-A855-1BB5D8B66B3E}"
EndProject
Global
	GlobalSection(SolutionConfigurationPlatforms) = preSolution
		Debug|Any CPU = Debug|Any CPU
		Debug|x64 = Debug|x64
		Debug|x86 = Debug|x86
		Release|Any CPU = Release|Any CPU
		Release|x64 = Release|x64
		Release|x86 = Release|x86
	EndGlobalSection
	GlobalSection(SolutionProperties) = preSolution
		HideSolutionNode = FALSE
	EndGlobalSection
	GlobalSection(ProjectConfigurationPlatforms) = postSolution
		{520013AB-C0B7-45D4-9A80-8DC6DAAFE3D0}.Debug|Any CPU.ActiveCfg = Debug|Any CPU
		{520013AB-C0B7-45D4-9A80-8DC6DAAFE3D0}.Debug|Any CPU.Build.0 = Debug|Any CPU
		{520013AB-C0B7-45D4-9A80-8DC6DAAFE3D0}.Debug|x64.ActiveCfg = Debug|Any CPU
		{520013AB-C0B7-45D4-9A80-8DC6DAAFE3D0}.Debug|x64.Build.0 = Debug|Any CPU
		{520013AB-C0B7-45D4-9A80-8DC6DAAFE3D0}.Debug|x86.ActiveCfg = Debug|Any CPU
		{520013AB-C0B7-45D4-9A80-8DC6DAAFE3D0}.Debug|x86.Build.0 = Debug|Any CPU
		{520013AB-C0B7-45D4-9A80-8DC6DAAFE3D0}.Release|Any CPU.ActiveCfg = Release|Any CPU
		{520013AB-C0B7-45D4-9A80-8DC6DAAFE3D0}.Release|Any CPU.Build.0 = Release|Any CPU
		{520013AB-C0B7-45D4-9A80-8DC6DAAFE3D0}.Release|x64.ActiveCfg = Release|Any CPU
		{520013AB-C0B7-45D4-9A80-8DC6DAAFE3D0}.Release|x64.Build.0 = Release|Any CPU
		{520013AB-C0B7-45D4-9A80-8DC6DAAFE3D0}.Release|x86.ActiveCfg = Release|Any CPU
		{520013AB-C0B7-45D4-9A80-8DC6DAAFE3D0}.Release|x86.Build.0 = Release|Any CPU
		{F2CA56D5-2E76-4A57-BFA0-E61C58D387D5}.Debug|Any CPU.ActiveCfg = Debug|Any CPU
		{F2CA56D5-2E76-4A57-BFA0-E61C58D387D5}.Debug|Any CPU.Build.0 = Debug|Any CPU
		{F2CA56D5-2E76-4A57-BFA0-E61C58D387D5}.Debug|x64.ActiveCfg = Debug|Any CPU
		{F2CA56D5-2E76-4A57-BFA0-E61C58D387D5}.Debug|x64.Build.0 = Debug|Any CPU
		{F2CA56D5-2E76-4A57-BFA0-E61C58D387D5}.Debug|x86.ActiveCfg = Debug|Any CPU
		{F2CA56D5-2E76-4A57-BFA0-E61C58D387D5}.Debug|x86.Build.0 = Debug|Any CPU
		{F2CA56D5-2E76-4A57-BFA0-E61C58D387D5}.Release|Any CPU.ActiveCfg = Release|Any CPU
		{F2CA56D5-2E76-4A57-BFA0-E61C58D387D5}.Release|Any CPU.Build.0 = Release|Any CPU
		{F2CA56D5-2E76-4A57-BFA0-E61C58D387D5}.Release|x64.ActiveCfg = Release|Any CPU
		{F2CA56D5-2E76-4A57-BFA0-E61C58D387D5}.Release|x64.Build.0 = Release|Any CPU
		{F2CA56D5-2E76-4A57-BFA0-E61C58D387D5}.Release|x86.ActiveCfg = Release|Any CPU
		{F2CA56D5-2E76-4A57-BFA0-E61C58D387D5}.Release|x86.Build.0 = Release|Any CPU
		{41E63E12-287D-4626-896D-6547C50A326B}.Debug|Any CPU.ActiveCfg = Debug|Any CPU
		{41E63E12-287D-4626-896D-6547C50A326B}.Debug|Any CPU.Build.0 = Debug|Any CPU
		{41E63E12-287D-4626-896D-6547C50A326B}.Debug|x64.ActiveCfg = Debug|Any CPU
		{41E63E12-287D-4626-896D-6547C50A326B}.Debug|x64.Build.0 = Debug|Any CPU
		{41E63E12-287D-4626-896D-6547C50A326B}.Debug|x86.ActiveCfg = Debug|Any CPU
		{41E63E12-287D-4626-896D-6547C50A326B}.Debug|x86.Build.0 = Debug|Any CPU
		{41E63E12-287D-4626-896D-6547C50A326B}.Release|Any CPU.ActiveCfg = Release|Any CPU
		{41E63E12-287D-4626-896D-6547C50A326B}.Release|Any CPU.Build.0 = Release|Any CPU
		{41E63E12-287D-4626-896D-6547C50A326B}.Release|x64.ActiveCfg = Release|Any CPU
		{41E63E12-287D-4626-896D-6547C50A326B}.Release|x64.Build.0 = Release|Any CPU
		{41E63E12-287D-4626-896D-6547C50A326B}.Release|x86.ActiveCfg = Release|Any CPU
		{41E63E12-287D-4626-896D-6547C50A326B}.Release|x86.Build.0 = Release|Any CPU
		{B5F5E5DD-120B-42D3-AB4C-B04C073B83FE}.Debug|Any CPU.ActiveCfg = Debug|Any CPU
		{B5F5E5DD-120B-42D3-AB4C-B04C073B83FE}.Debug|Any CPU.Build.0 = Debug|Any CPU
		{B5F5E5DD-120B-42D3-AB4C-B04C073B83FE}.Debug|x64.ActiveCfg = Debug|Any CPU
		{B5F5E5DD-120B-42D3-AB4C-B04C073B83FE}.Debug|x64.Build.0 = Debug|Any CPU
		{B5F5E5DD-120B-42D3-AB4C-B04C073B83FE}.Debug|x86.ActiveCfg = Debug|Any CPU
		{B5F5E5DD-120B-42D3-AB4C-B04C073B83FE}.Debug|x86.Build.0 = Debug|Any CPU
		{B5F5E5DD-120B-42D3-AB4C-B04C073B83FE}.Release|Any CPU.ActiveCfg = Release|Any CPU
		{B5F5E5DD-120B-42D3-AB4C-B04C073B83FE}.Release|Any CPU.Build.0 = Release|Any CPU
		{B5F5E5DD-120B-42D3-AB4C-B04C073B83FE}.Release|x64.ActiveCfg = Release|Any CPU
		{B5F5E5DD-120B-42D3-AB4C-B04C073B83FE}.Release|x64.Build.0 = Release|Any CPU
		{B5F5E5DD-120B-42D3-AB4C-B04C073B83FE}.Release|x86.ActiveCfg = Release|Any CPU
		{B5F5E5DD-120B-42D3-AB4C-B04C073B83FE}.Release|x86.Build.0 = Release|Any CPU
		{1082E104-ADEE-407A-A7AD-C49476448337}.Debug|Any CPU.ActiveCfg = Debug|Any CPU
		{1082E104-ADEE-407A-A7AD-C49476448337}.Debug|Any CPU.Build.0 = Debug|Any CPU
		{1082E104-ADEE-407A-A7AD-C49476448337}.Debug|x64.ActiveCfg = Debug|Any CPU
		{1082E104-ADEE-407A-A7AD-C49476448337}.Debug|x64.Build.0 = Debug|Any CPU
		{1082E104-ADEE-407A-A7AD-C49476448337}.Debug|x86.ActiveCfg = Debug|Any CPU
		{1082E104-ADEE-407A-A7AD-C49476448337}.Debug|x86.Build.0 = Debug|Any CPU
		{1082E104-ADEE-407A-A7AD-C49476448337}.Release|Any CPU.ActiveCfg = Release|Any CPU
		{1082E104-ADEE-407A-A7AD-C49476448337}.Release|Any CPU.Build.0 = Release|Any CPU
		{1082E104-ADEE-407A-A7AD-C49476448337}.Release|x64.ActiveCfg = Release|Any CPU
		{1082E104-ADEE-407A-A7AD-C49476448337}.Release|x64.Build.0 = Release|Any CPU
		{1082E104-ADEE-407A-A7AD-C49476448337}.Release|x86.ActiveCfg = Release|Any CPU
		{1082E104-ADEE-407A-A7AD-C49476448337}.Release|x86.Build.0 = Release|Any CPU
		{0B5CA5BD-73A0-4A11-B45C-AE798A1447CD}.Debug|Any CPU.ActiveCfg = Debug|Any CPU
		{0B5CA5BD-73A0-4A11-B45C-AE798A1447CD}.Debug|Any CPU.Build.0 = Debug|Any CPU
		{0B5CA5BD-73A0-4A11-B45C-AE798A1447CD}.Debug|x64.ActiveCfg = Debug|Any CPU
		{0B5CA5BD-73A0-4A11-B45C-AE798A1447CD}.Debug|x64.Build.0 = Debug|Any CPU
		{0B5CA5BD-73A0-4A11-B45C-AE798A1447CD}.Debug|x86.ActiveCfg = Debug|Any CPU
		{0B5CA5BD-73A0-4A11-B45C-AE798A1447CD}.Debug|x86.Build.0 = Debug|Any CPU
		{0B5CA5BD-73A0-4A11-B45C-AE798A1447CD}.Release|Any CPU.ActiveCfg = Release|Any CPU
		{0B5CA5BD-73A0-4A11-B45C-AE798A1447CD}.Release|Any CPU.Build.0 = Release|Any CPU
		{0B5CA5BD-73A0-4A11-B45C-AE798A1447CD}.Release|x64.ActiveCfg = Release|Any CPU
		{0B5CA5BD-73A0-4A11-B45C-AE798A1447CD}.Release|x64.Build.0 = Release|Any CPU
		{0B5CA5BD-73A0-4A11-B45C-AE798A1447CD}.Release|x86.ActiveCfg = Release|Any CPU
		{0B5CA5BD-73A0-4A11-B45C-AE798A1447CD}.Release|x86.Build.0 = Release|Any CPU
		{5034240A-FD9F-404C-AD6A-56698AB792E9}.Debug|Any CPU.ActiveCfg = Debug|Any CPU
		{5034240A-FD9F-404C-AD6A-56698AB792E9}.Debug|Any CPU.Build.0 = Debug|Any CPU
		{5034240A-FD9F-404C-AD6A-56698AB792E9}.Debug|x64.ActiveCfg = Debug|Any CPU
		{5034240A-FD9F-404C-AD6A-56698AB792E9}.Debug|x64.Build.0 = Debug|Any CPU
		{5034240A-FD9F-404C-AD6A-56698AB792E9}.Debug|x86.ActiveCfg = Debug|Any CPU
		{5034240A-FD9F-404C-AD6A-56698AB792E9}.Debug|x86.Build.0 = Debug|Any CPU
		{5034240A-FD9F-404C-AD6A-56698AB792E9}.Release|Any CPU.ActiveCfg = Release|Any CPU
		{5034240A-FD9F-404C-AD6A-56698AB792E9}.Release|Any CPU.Build.0 = Release|Any CPU
		{5034240A-FD9F-404C-AD6A-56698AB792E9}.Release|x64.ActiveCfg = Release|Any CPU
		{5034240A-FD9F-404C-AD6A-56698AB792E9}.Release|x64.Build.0 = Release|Any CPU
		{5034240A-FD9F-404C-AD6A-56698AB792E9}.Release|x86.ActiveCfg = Release|Any CPU
		{5034240A-FD9F-404C-AD6A-56698AB792E9}.Release|x86.Build.0 = Release|Any CPU
		{25FD9948-BB96-492F-A4FD-5F58AA4F121B}.Debug|Any CPU.ActiveCfg = Debug|Any CPU
		{25FD9948-BB96-492F-A4FD-5F58AA4F121B}.Debug|Any CPU.Build.0 = Debug|Any CPU
		{25FD9948-BB96-492F-A4FD-5F58AA4F121B}.Debug|x64.ActiveCfg = Debug|Any CPU
		{25FD9948-BB96-492F-A4FD-5F58AA4F121B}.Debug|x64.Build.0 = Debug|Any CPU
		{25FD9948-BB96-492F-A4FD-5F58AA4F121B}.Debug|x86.ActiveCfg = Debug|Any CPU
		{25FD9948-BB96-492F-A4FD-5F58AA4F121B}.Debug|x86.Build.0 = Debug|Any CPU
		{25FD9948-BB96-492F-A4FD-5F58AA4F121B}.Release|Any CPU.ActiveCfg = Release|Any CPU
		{25FD9948-BB96-492F-A4FD-5F58AA4F121B}.Release|Any CPU.Build.0 = Release|Any CPU
		{25FD9948-BB96-492F-A4FD-5F58AA4F121B}.Release|x64.ActiveCfg = Release|Any CPU
		{25FD9948-BB96-492F-A4FD-5F58AA4F121B}.Release|x64.Build.0 = Release|Any CPU
		{25FD9948-BB96-492F-A4FD-5F58AA4F121B}.Release|x86.ActiveCfg = Release|Any CPU
		{25FD9948-BB96-492F-A4FD-5F58AA4F121B}.Release|x86.Build.0 = Release|Any CPU
		{4E80BF8B-1650-419C-9F9F-FCFF824A32E3}.Debug|Any CPU.ActiveCfg = Debug|Any CPU
		{4E80BF8B-1650-419C-9F9F-FCFF824A32E3}.Debug|Any CPU.Build.0 = Debug|Any CPU
		{4E80BF8B-1650-419C-9F9F-FCFF824A32E3}.Debug|x64.ActiveCfg = Debug|Any CPU
		{4E80BF8B-1650-419C-9F9F-FCFF824A32E3}.Debug|x64.Build.0 = Debug|Any CPU
		{4E80BF8B-1650-419C-9F9F-FCFF824A32E3}.Debug|x86.ActiveCfg = Debug|Any CPU
		{4E80BF8B-1650-419C-9F9F-FCFF824A32E3}.Debug|x86.Build.0 = Debug|Any CPU
		{4E80BF8B-1650-419C-9F9F-FCFF824A32E3}.Release|Any CPU.ActiveCfg = Release|Any CPU
		{4E80BF8B-1650-419C-9F9F-FCFF824A32E3}.Release|Any CPU.Build.0 = Release|Any CPU
		{4E80BF8B-1650-419C-9F9F-FCFF824A32E3}.Release|x64.ActiveCfg = Release|Any CPU
		{4E80BF8B-1650-419C-9F9F-FCFF824A32E3}.Release|x64.Build.0 = Release|Any CPU
		{4E80BF8B-1650-419C-9F9F-FCFF824A32E3}.Release|x86.ActiveCfg = Release|Any CPU
		{4E80BF8B-1650-419C-9F9F-FCFF824A32E3}.Release|x86.Build.0 = Release|Any CPU
		{F4C97492-A8D8-482B-8BB3-094015BFFE65}.Debug|Any CPU.ActiveCfg = Debug|Any CPU
		{F4C97492-A8D8-482B-8BB3-094015BFFE65}.Debug|Any CPU.Build.0 = Debug|Any CPU
		{F4C97492-A8D8-482B-8BB3-094015BFFE65}.Debug|x64.ActiveCfg = Debug|Any CPU
		{F4C97492-A8D8-482B-8BB3-094015BFFE65}.Debug|x64.Build.0 = Debug|Any CPU
		{F4C97492-A8D8-482B-8BB3-094015BFFE65}.Debug|x86.ActiveCfg = Debug|Any CPU
		{F4C97492-A8D8-482B-8BB3-094015BFFE65}.Debug|x86.Build.0 = Debug|Any CPU
		{F4C97492-A8D8-482B-8BB3-094015BFFE65}.Release|Any CPU.ActiveCfg = Release|Any CPU
		{F4C97492-A8D8-482B-8BB3-094015BFFE65}.Release|Any CPU.Build.0 = Release|Any CPU
		{F4C97492-A8D8-482B-8BB3-094015BFFE65}.Release|x64.ActiveCfg = Release|Any CPU
		{F4C97492-A8D8-482B-8BB3-094015BFFE65}.Release|x64.Build.0 = Release|Any CPU
		{F4C97492-A8D8-482B-8BB3-094015BFFE65}.Release|x86.ActiveCfg = Release|Any CPU
		{F4C97492-A8D8-482B-8BB3-094015BFFE65}.Release|x86.Build.0 = Release|Any CPU
		{63952842-6727-4E32-986E-FA8A999FDF1A}.Debug|Any CPU.ActiveCfg = Debug|Any CPU
		{63952842-6727-4E32-986E-FA8A999FDF1A}.Debug|Any CPU.Build.0 = Debug|Any CPU
		{63952842-6727-4E32-986E-FA8A999FDF1A}.Debug|x64.ActiveCfg = Debug|Any CPU
		{63952842-6727-4E32-986E-FA8A999FDF1A}.Debug|x64.Build.0 = Debug|Any CPU
		{63952842-6727-4E32-986E-FA8A999FDF1A}.Debug|x86.ActiveCfg = Debug|Any CPU
		{63952842-6727-4E32-986E-FA8A999FDF1A}.Debug|x86.Build.0 = Debug|Any CPU
		{63952842-6727-4E32-986E-FA8A999FDF1A}.Release|Any CPU.ActiveCfg = Release|Any CPU
		{63952842-6727-4E32-986E-FA8A999FDF1A}.Release|Any CPU.Build.0 = Release|Any CPU
		{63952842-6727-4E32-986E-FA8A999FDF1A}.Release|x64.ActiveCfg = Release|Any CPU
		{63952842-6727-4E32-986E-FA8A999FDF1A}.Release|x64.Build.0 = Release|Any CPU
		{63952842-6727-4E32-986E-FA8A999FDF1A}.Release|x86.ActiveCfg = Release|Any CPU
		{63952842-6727-4E32-986E-FA8A999FDF1A}.Release|x86.Build.0 = Release|Any CPU
		{2926579C-B3FE-4D48-81A8-5E4B2E6ECF05}.Debug|Any CPU.ActiveCfg = Debug|Any CPU
		{2926579C-B3FE-4D48-81A8-5E4B2E6ECF05}.Debug|Any CPU.Build.0 = Debug|Any CPU
		{2926579C-B3FE-4D48-81A8-5E4B2E6ECF05}.Debug|x64.ActiveCfg = Debug|Any CPU
		{2926579C-B3FE-4D48-81A8-5E4B2E6ECF05}.Debug|x64.Build.0 = Debug|Any CPU
		{2926579C-B3FE-4D48-81A8-5E4B2E6ECF05}.Debug|x86.ActiveCfg = Debug|Any CPU
		{2926579C-B3FE-4D48-81A8-5E4B2E6ECF05}.Debug|x86.Build.0 = Debug|Any CPU
		{2926579C-B3FE-4D48-81A8-5E4B2E6ECF05}.Release|Any CPU.ActiveCfg = Release|Any CPU
		{2926579C-B3FE-4D48-81A8-5E4B2E6ECF05}.Release|Any CPU.Build.0 = Release|Any CPU
		{2926579C-B3FE-4D48-81A8-5E4B2E6ECF05}.Release|x64.ActiveCfg = Release|Any CPU
		{2926579C-B3FE-4D48-81A8-5E4B2E6ECF05}.Release|x64.Build.0 = Release|Any CPU
		{2926579C-B3FE-4D48-81A8-5E4B2E6ECF05}.Release|x86.ActiveCfg = Release|Any CPU
		{2926579C-B3FE-4D48-81A8-5E4B2E6ECF05}.Release|x86.Build.0 = Release|Any CPU
		{199B7D2D-32A4-4E24-BD2D-0A0712805EEC}.Debug|Any CPU.ActiveCfg = Debug|Any CPU
		{199B7D2D-32A4-4E24-BD2D-0A0712805EEC}.Debug|Any CPU.Build.0 = Debug|Any CPU
		{199B7D2D-32A4-4E24-BD2D-0A0712805EEC}.Debug|x64.ActiveCfg = Debug|Any CPU
		{199B7D2D-32A4-4E24-BD2D-0A0712805EEC}.Debug|x64.Build.0 = Debug|Any CPU
		{199B7D2D-32A4-4E24-BD2D-0A0712805EEC}.Debug|x86.ActiveCfg = Debug|Any CPU
		{199B7D2D-32A4-4E24-BD2D-0A0712805EEC}.Debug|x86.Build.0 = Debug|Any CPU
		{199B7D2D-32A4-4E24-BD2D-0A0712805EEC}.Release|Any CPU.ActiveCfg = Release|Any CPU
		{199B7D2D-32A4-4E24-BD2D-0A0712805EEC}.Release|Any CPU.Build.0 = Release|Any CPU
		{199B7D2D-32A4-4E24-BD2D-0A0712805EEC}.Release|x64.ActiveCfg = Release|Any CPU
		{199B7D2D-32A4-4E24-BD2D-0A0712805EEC}.Release|x64.Build.0 = Release|Any CPU
		{199B7D2D-32A4-4E24-BD2D-0A0712805EEC}.Release|x86.ActiveCfg = Release|Any CPU
		{199B7D2D-32A4-4E24-BD2D-0A0712805EEC}.Release|x86.Build.0 = Release|Any CPU
		{F30DCDA8-AA0D-428B-B83B-43C87773F5B3}.Debug|Any CPU.ActiveCfg = Debug|Any CPU
		{F30DCDA8-AA0D-428B-B83B-43C87773F5B3}.Debug|Any CPU.Build.0 = Debug|Any CPU
		{F30DCDA8-AA0D-428B-B83B-43C87773F5B3}.Debug|x64.ActiveCfg = Debug|Any CPU
		{F30DCDA8-AA0D-428B-B83B-43C87773F5B3}.Debug|x64.Build.0 = Debug|Any CPU
		{F30DCDA8-AA0D-428B-B83B-43C87773F5B3}.Debug|x86.ActiveCfg = Debug|Any CPU
		{F30DCDA8-AA0D-428B-B83B-43C87773F5B3}.Debug|x86.Build.0 = Debug|Any CPU
		{F30DCDA8-AA0D-428B-B83B-43C87773F5B3}.Release|Any CPU.ActiveCfg = Release|Any CPU
		{F30DCDA8-AA0D-428B-B83B-43C87773F5B3}.Release|Any CPU.Build.0 = Release|Any CPU
		{F30DCDA8-AA0D-428B-B83B-43C87773F5B3}.Release|x64.ActiveCfg = Release|Any CPU
		{F30DCDA8-AA0D-428B-B83B-43C87773F5B3}.Release|x64.Build.0 = Release|Any CPU
		{F30DCDA8-AA0D-428B-B83B-43C87773F5B3}.Release|x86.ActiveCfg = Release|Any CPU
		{F30DCDA8-AA0D-428B-B83B-43C87773F5B3}.Release|x86.Build.0 = Release|Any CPU
		{758A6A8B-95E4-4B15-90CD-CF7C383FE2AE}.Debug|Any CPU.ActiveCfg = Debug|Any CPU
		{758A6A8B-95E4-4B15-90CD-CF7C383FE2AE}.Debug|Any CPU.Build.0 = Debug|Any CPU
		{758A6A8B-95E4-4B15-90CD-CF7C383FE2AE}.Debug|x64.ActiveCfg = Debug|Any CPU
		{758A6A8B-95E4-4B15-90CD-CF7C383FE2AE}.Debug|x64.Build.0 = Debug|Any CPU
		{758A6A8B-95E4-4B15-90CD-CF7C383FE2AE}.Debug|x86.ActiveCfg = Debug|Any CPU
		{758A6A8B-95E4-4B15-90CD-CF7C383FE2AE}.Debug|x86.Build.0 = Debug|Any CPU
		{758A6A8B-95E4-4B15-90CD-CF7C383FE2AE}.Release|Any CPU.ActiveCfg = Release|Any CPU
		{758A6A8B-95E4-4B15-90CD-CF7C383FE2AE}.Release|Any CPU.Build.0 = Release|Any CPU
		{758A6A8B-95E4-4B15-90CD-CF7C383FE2AE}.Release|x64.ActiveCfg = Release|Any CPU
		{758A6A8B-95E4-4B15-90CD-CF7C383FE2AE}.Release|x64.Build.0 = Release|Any CPU
		{758A6A8B-95E4-4B15-90CD-CF7C383FE2AE}.Release|x86.ActiveCfg = Release|Any CPU
		{758A6A8B-95E4-4B15-90CD-CF7C383FE2AE}.Release|x86.Build.0 = Release|Any CPU
		{F2C27A44-76DB-4341-B2EC-37049621DAD2}.Debug|Any CPU.ActiveCfg = Debug|Any CPU
		{F2C27A44-76DB-4341-B2EC-37049621DAD2}.Debug|Any CPU.Build.0 = Debug|Any CPU
		{F2C27A44-76DB-4341-B2EC-37049621DAD2}.Debug|x64.ActiveCfg = Debug|Any CPU
		{F2C27A44-76DB-4341-B2EC-37049621DAD2}.Debug|x64.Build.0 = Debug|Any CPU
		{F2C27A44-76DB-4341-B2EC-37049621DAD2}.Debug|x86.ActiveCfg = Debug|Any CPU
		{F2C27A44-76DB-4341-B2EC-37049621DAD2}.Debug|x86.Build.0 = Debug|Any CPU
		{F2C27A44-76DB-4341-B2EC-37049621DAD2}.Release|Any CPU.ActiveCfg = Release|Any CPU
		{F2C27A44-76DB-4341-B2EC-37049621DAD2}.Release|Any CPU.Build.0 = Release|Any CPU
		{F2C27A44-76DB-4341-B2EC-37049621DAD2}.Release|x64.ActiveCfg = Release|Any CPU
		{F2C27A44-76DB-4341-B2EC-37049621DAD2}.Release|x64.Build.0 = Release|Any CPU
		{F2C27A44-76DB-4341-B2EC-37049621DAD2}.Release|x86.ActiveCfg = Release|Any CPU
		{F2C27A44-76DB-4341-B2EC-37049621DAD2}.Release|x86.Build.0 = Release|Any CPU
		{585945D9-512C-4C0A-AE98-619731F0401C}.Debug|Any CPU.ActiveCfg = Debug|Any CPU
		{585945D9-512C-4C0A-AE98-619731F0401C}.Debug|Any CPU.Build.0 = Debug|Any CPU
		{585945D9-512C-4C0A-AE98-619731F0401C}.Debug|x64.ActiveCfg = Debug|Any CPU
		{585945D9-512C-4C0A-AE98-619731F0401C}.Debug|x64.Build.0 = Debug|Any CPU
		{585945D9-512C-4C0A-AE98-619731F0401C}.Debug|x86.ActiveCfg = Debug|Any CPU
		{585945D9-512C-4C0A-AE98-619731F0401C}.Debug|x86.Build.0 = Debug|Any CPU
		{585945D9-512C-4C0A-AE98-619731F0401C}.Release|Any CPU.ActiveCfg = Release|Any CPU
		{585945D9-512C-4C0A-AE98-619731F0401C}.Release|Any CPU.Build.0 = Release|Any CPU
		{585945D9-512C-4C0A-AE98-619731F0401C}.Release|x64.ActiveCfg = Release|Any CPU
		{585945D9-512C-4C0A-AE98-619731F0401C}.Release|x64.Build.0 = Release|Any CPU
		{585945D9-512C-4C0A-AE98-619731F0401C}.Release|x86.ActiveCfg = Release|Any CPU
		{585945D9-512C-4C0A-AE98-619731F0401C}.Release|x86.Build.0 = Release|Any CPU
		{E0225DEF-6A12-4231-9F52-24D811B9D7DF}.Debug|Any CPU.ActiveCfg = Debug|Any CPU
		{E0225DEF-6A12-4231-9F52-24D811B9D7DF}.Debug|Any CPU.Build.0 = Debug|Any CPU
		{E0225DEF-6A12-4231-9F52-24D811B9D7DF}.Debug|x64.ActiveCfg = Debug|Any CPU
		{E0225DEF-6A12-4231-9F52-24D811B9D7DF}.Debug|x64.Build.0 = Debug|Any CPU
		{E0225DEF-6A12-4231-9F52-24D811B9D7DF}.Debug|x86.ActiveCfg = Debug|Any CPU
		{E0225DEF-6A12-4231-9F52-24D811B9D7DF}.Debug|x86.Build.0 = Debug|Any CPU
		{E0225DEF-6A12-4231-9F52-24D811B9D7DF}.Release|Any CPU.ActiveCfg = Release|Any CPU
		{E0225DEF-6A12-4231-9F52-24D811B9D7DF}.Release|Any CPU.Build.0 = Release|Any CPU
		{E0225DEF-6A12-4231-9F52-24D811B9D7DF}.Release|x64.ActiveCfg = Release|Any CPU
		{E0225DEF-6A12-4231-9F52-24D811B9D7DF}.Release|x64.Build.0 = Release|Any CPU
		{E0225DEF-6A12-4231-9F52-24D811B9D7DF}.Release|x86.ActiveCfg = Release|Any CPU
		{E0225DEF-6A12-4231-9F52-24D811B9D7DF}.Release|x86.Build.0 = Release|Any CPU
		{C98A8729-16A5-4A04-95AD-D7BA5ACE2A58}.Debug|Any CPU.ActiveCfg = Debug|Any CPU
		{C98A8729-16A5-4A04-95AD-D7BA5ACE2A58}.Debug|Any CPU.Build.0 = Debug|Any CPU
		{C98A8729-16A5-4A04-95AD-D7BA5ACE2A58}.Debug|x64.ActiveCfg = Debug|Any CPU
		{C98A8729-16A5-4A04-95AD-D7BA5ACE2A58}.Debug|x64.Build.0 = Debug|Any CPU
		{C98A8729-16A5-4A04-95AD-D7BA5ACE2A58}.Debug|x86.ActiveCfg = Debug|Any CPU
		{C98A8729-16A5-4A04-95AD-D7BA5ACE2A58}.Debug|x86.Build.0 = Debug|Any CPU
		{C98A8729-16A5-4A04-95AD-D7BA5ACE2A58}.Release|Any CPU.ActiveCfg = Release|Any CPU
		{C98A8729-16A5-4A04-95AD-D7BA5ACE2A58}.Release|Any CPU.Build.0 = Release|Any CPU
		{C98A8729-16A5-4A04-95AD-D7BA5ACE2A58}.Release|x64.ActiveCfg = Release|Any CPU
		{C98A8729-16A5-4A04-95AD-D7BA5ACE2A58}.Release|x64.Build.0 = Release|Any CPU
		{C98A8729-16A5-4A04-95AD-D7BA5ACE2A58}.Release|x86.ActiveCfg = Release|Any CPU
		{C98A8729-16A5-4A04-95AD-D7BA5ACE2A58}.Release|x86.Build.0 = Release|Any CPU
		{5B068310-684A-441F-B58A-940FE0F2BD6C}.Debug|Any CPU.ActiveCfg = Debug|Any CPU
		{5B068310-684A-441F-B58A-940FE0F2BD6C}.Debug|Any CPU.Build.0 = Debug|Any CPU
		{5B068310-684A-441F-B58A-940FE0F2BD6C}.Debug|x64.ActiveCfg = Debug|Any CPU
		{5B068310-684A-441F-B58A-940FE0F2BD6C}.Debug|x64.Build.0 = Debug|Any CPU
		{5B068310-684A-441F-B58A-940FE0F2BD6C}.Debug|x86.ActiveCfg = Debug|Any CPU
		{5B068310-684A-441F-B58A-940FE0F2BD6C}.Debug|x86.Build.0 = Debug|Any CPU
		{5B068310-684A-441F-B58A-940FE0F2BD6C}.Release|Any CPU.ActiveCfg = Release|Any CPU
		{5B068310-684A-441F-B58A-940FE0F2BD6C}.Release|Any CPU.Build.0 = Release|Any CPU
		{5B068310-684A-441F-B58A-940FE0F2BD6C}.Release|x64.ActiveCfg = Release|Any CPU
		{5B068310-684A-441F-B58A-940FE0F2BD6C}.Release|x64.Build.0 = Release|Any CPU
		{5B068310-684A-441F-B58A-940FE0F2BD6C}.Release|x86.ActiveCfg = Release|Any CPU
		{5B068310-684A-441F-B58A-940FE0F2BD6C}.Release|x86.Build.0 = Release|Any CPU
		{1C69DE2F-A8C2-4303-A4D8-3F034268145E}.Debug|Any CPU.ActiveCfg = Debug|Any CPU
		{1C69DE2F-A8C2-4303-A4D8-3F034268145E}.Debug|Any CPU.Build.0 = Debug|Any CPU
		{1C69DE2F-A8C2-4303-A4D8-3F034268145E}.Debug|x64.ActiveCfg = Debug|Any CPU
		{1C69DE2F-A8C2-4303-A4D8-3F034268145E}.Debug|x64.Build.0 = Debug|Any CPU
		{1C69DE2F-A8C2-4303-A4D8-3F034268145E}.Debug|x86.ActiveCfg = Debug|Any CPU
		{1C69DE2F-A8C2-4303-A4D8-3F034268145E}.Debug|x86.Build.0 = Debug|Any CPU
		{1C69DE2F-A8C2-4303-A4D8-3F034268145E}.Release|Any CPU.ActiveCfg = Release|Any CPU
		{1C69DE2F-A8C2-4303-A4D8-3F034268145E}.Release|Any CPU.Build.0 = Release|Any CPU
		{1C69DE2F-A8C2-4303-A4D8-3F034268145E}.Release|x64.ActiveCfg = Release|Any CPU
		{1C69DE2F-A8C2-4303-A4D8-3F034268145E}.Release|x64.Build.0 = Release|Any CPU
		{1C69DE2F-A8C2-4303-A4D8-3F034268145E}.Release|x86.ActiveCfg = Release|Any CPU
		{1C69DE2F-A8C2-4303-A4D8-3F034268145E}.Release|x86.Build.0 = Release|Any CPU
		{0006FD58-2883-453E-A855-1BB5D8B66B3E}.Debug|Any CPU.ActiveCfg = Debug|Any CPU
		{0006FD58-2883-453E-A855-1BB5D8B66B3E}.Debug|Any CPU.Build.0 = Debug|Any CPU
		{0006FD58-2883-453E-A855-1BB5D8B66B3E}.Debug|x64.ActiveCfg = Debug|Any CPU
		{0006FD58-2883-453E-A855-1BB5D8B66B3E}.Debug|x64.Build.0 = Debug|Any CPU
		{0006FD58-2883-453E-A855-1BB5D8B66B3E}.Debug|x86.ActiveCfg = Debug|Any CPU
		{0006FD58-2883-453E-A855-1BB5D8B66B3E}.Debug|x86.Build.0 = Debug|Any CPU
		{0006FD58-2883-453E-A855-1BB5D8B66B3E}.Release|Any CPU.ActiveCfg = Release|Any CPU
		{0006FD58-2883-453E-A855-1BB5D8B66B3E}.Release|Any CPU.Build.0 = Release|Any CPU
		{0006FD58-2883-453E-A855-1BB5D8B66B3E}.Release|x64.ActiveCfg = Release|Any CPU
		{0006FD58-2883-453E-A855-1BB5D8B66B3E}.Release|x64.Build.0 = Release|Any CPU
		{0006FD58-2883-453E-A855-1BB5D8B66B3E}.Release|x86.ActiveCfg = Release|Any CPU
		{0006FD58-2883-453E-A855-1BB5D8B66B3E}.Release|x86.Build.0 = Release|Any CPU
	EndGlobalSection
EndGlobal
